
Microsoft Visual Studio Solution File, Format Version 12.00
# Visual Studio Version 17
VisualStudioVersion = 17.2.32505.173
MinimumVisualStudioVersion = 10.0.40219.1
Project("{2150E333-8FDC-42A3-9474-1A3956D46DE8}") = "Search", "Search", "{F3FC3892-AF6D-44B4-95D0-B03C146BCE57}"
EndProject
Project("{9A19103F-16F7-4668-BE54-9A1E7A4F7556}") = "BinarySearch", "Search\BinarySearch\BinarySearch.csproj", "{00EA2DBE-2A76-46DF-8298-7BDC4C493203}"
EndProject
Project("{9A19103F-16F7-4668-BE54-9A1E7A4F7556}") = "ShipPackage", "Search\ShipPackage\ShipPackage.csproj", "{4D275C88-2525-4CFC-803D-477F81F0C166}"
EndProject
Project("{2150E333-8FDC-42A3-9474-1A3956D46DE8}") = "Questions", "Questions", "{3507B5F4-2119-4975-821B-861E9316C59F}"
	ProjectSection(SolutionItems) = preProject
		Questions\MCQ.txt = Questions\MCQ.txt
		Net.txt = Net.txt
		Questions\Phone-Number-Regex.txt = Questions\Phone-Number-Regex.txt
		Questions\Rectangular-Matrix.txt = Questions\Rectangular-Matrix.txt
		StatisticsReporting.txt = StatisticsReporting.txt
		Questions\Stream-Algorithm.txt = Questions\Stream-Algorithm.txt
		Questions\Tic-Tac-Toe.txt = Questions\Tic-Tac-Toe.txt
	EndProjectSection
EndProject
Project("{2150E333-8FDC-42A3-9474-1A3956D46DE8}") = "Sort", "Sort", "{7F351502-60E9-4F11-B13A-44C04489F2A3}"
EndProject
Project("{FAE04EC0-301F-11D3-BF4B-00C04F79EFBC}") = "BubbleSort", "Sort\BubbleSort\BubbleSort.csproj", "{0F82EC1F-809A-4CB3-A237-32A81D88AD60}"
EndProject
Project("{FAE04EC0-301F-11D3-BF4B-00C04F79EFBC}") = "InsertionSort", "Sort\InsertionSort\InsertionSort.csproj", "{9C27B638-81F3-46B0-90CF-F6A9D532E5D1}"
EndProject
Project("{FAE04EC0-301F-11D3-BF4B-00C04F79EFBC}") = "MergeSort", "Sort\MergeSort\MergeSort.csproj", "{4E1F696B-3000-41A0-9439-3BCCDCBB7D8D}"
EndProject
Project("{FAE04EC0-301F-11D3-BF4B-00C04F79EFBC}") = "QuickSort", "Sort\QuickSort\QuickSort.csproj", "{A5406BC7-8586-40F6-9715-5B140C1C35BE}"
EndProject
Project("{FAE04EC0-301F-11D3-BF4B-00C04F79EFBC}") = "SelectionSort", "Sort\SelectionSort\SelectionSort.csproj", "{042A0CB5-1416-4C96-83D0-C7225CB7FA0C}"
EndProject
Project("{FAE04EC0-301F-11D3-BF4B-00C04F79EFBC}") = "HoarePartition", "Sort\HoarePartition\HoarePartition.csproj", "{281A74DD-1A06-49C5-86B8-BCC8517F9608}"
EndProject
Project("{9A19103F-16F7-4668-BE54-9A1E7A4F7556}") = "ThreeWayPartition", "Sort\3WayPartition\ThreeWayPartition.csproj", "{21C546F9-1E92-4E4F-9621-9070F1C3D92F}"
EndProject
Project("{FAE04EC0-301F-11D3-BF4B-00C04F79EFBC}") = "LomutoPartition", "Sort\LomutoPartition\LomutoPartition.csproj", "{197B100A-8E3E-45DC-A3CE-D8E5AC5CA45C}"
EndProject
Project("{FAE04EC0-301F-11D3-BF4B-00C04F79EFBC}") = "Arrays", "Arrays\Arrays.csproj", "{094406F9-82A4-4B2B-A69A-3523E1F4092F}"
EndProject
Project("{9A19103F-16F7-4668-BE54-9A1E7A4F7556}") = "BinaryTree", "BinaryTree\BinaryTree.csproj", "{35CD9389-0CB3-44F5-8407-5761FB898A29}"
EndProject
Project("{9A19103F-16F7-4668-BE54-9A1E7A4F7556}") = "LinkedList", "LinkedList\LinkedList.csproj", "{1223D76E-0869-4FC5-94B2-2CC2A680EF8A}"
EndProject
Project("{FAE04EC0-301F-11D3-BF4B-00C04F79EFBC}") = "Strings", "Strings\Strings.csproj", "{FD814689-8950-434C-A6EA-FE3A9F959565}"
EndProject
Global
	GlobalSection(SolutionConfigurationPlatforms) = preSolution
		Debug|Any CPU = Debug|Any CPU
		Release|Any CPU = Release|Any CPU
	EndGlobalSection
	GlobalSection(ProjectConfigurationPlatforms) = postSolution
		{00EA2DBE-2A76-46DF-8298-7BDC4C493203}.Debug|Any CPU.ActiveCfg = Debug|Any CPU
		{00EA2DBE-2A76-46DF-8298-7BDC4C493203}.Debug|Any CPU.Build.0 = Debug|Any CPU
		{00EA2DBE-2A76-46DF-8298-7BDC4C493203}.Release|Any CPU.ActiveCfg = Release|Any CPU
		{00EA2DBE-2A76-46DF-8298-7BDC4C493203}.Release|Any CPU.Build.0 = Release|Any CPU
		{4D275C88-2525-4CFC-803D-477F81F0C166}.Debug|Any CPU.ActiveCfg = Debug|Any CPU
		{4D275C88-2525-4CFC-803D-477F81F0C166}.Debug|Any CPU.Build.0 = Debug|Any CPU
		{4D275C88-2525-4CFC-803D-477F81F0C166}.Release|Any CPU.ActiveCfg = Release|Any CPU
		{4D275C88-2525-4CFC-803D-477F81F0C166}.Release|Any CPU.Build.0 = Release|Any CPU
		{0F82EC1F-809A-4CB3-A237-32A81D88AD60}.Debug|Any CPU.ActiveCfg = Debug|Any CPU
		{0F82EC1F-809A-4CB3-A237-32A81D88AD60}.Debug|Any CPU.Build.0 = Debug|Any CPU
		{0F82EC1F-809A-4CB3-A237-32A81D88AD60}.Release|Any CPU.ActiveCfg = Release|Any CPU
		{0F82EC1F-809A-4CB3-A237-32A81D88AD60}.Release|Any CPU.Build.0 = Release|Any CPU
		{9C27B638-81F3-46B0-90CF-F6A9D532E5D1}.Debug|Any CPU.ActiveCfg = Debug|Any CPU
		{9C27B638-81F3-46B0-90CF-F6A9D532E5D1}.Debug|Any CPU.Build.0 = Debug|Any CPU
		{9C27B638-81F3-46B0-90CF-F6A9D532E5D1}.Release|Any CPU.ActiveCfg = Release|Any CPU
		{9C27B638-81F3-46B0-90CF-F6A9D532E5D1}.Release|Any CPU.Build.0 = Release|Any CPU
		{4E1F696B-3000-41A0-9439-3BCCDCBB7D8D}.Debug|Any CPU.ActiveCfg = Debug|Any CPU
		{4E1F696B-3000-41A0-9439-3BCCDCBB7D8D}.Debug|Any CPU.Build.0 = Debug|Any CPU
		{4E1F696B-3000-41A0-9439-3BCCDCBB7D8D}.Release|Any CPU.ActiveCfg = Release|Any CPU
		{4E1F696B-3000-41A0-9439-3BCCDCBB7D8D}.Release|Any CPU.Build.0 = Release|Any CPU
		{A5406BC7-8586-40F6-9715-5B140C1C35BE}.Debug|Any CPU.ActiveCfg = Debug|Any CPU
		{A5406BC7-8586-40F6-9715-5B140C1C35BE}.Debug|Any CPU.Build.0 = Debug|Any CPU
		{A5406BC7-8586-40F6-9715-5B140C1C35BE}.Release|Any CPU.ActiveCfg = Release|Any CPU
		{A5406BC7-8586-40F6-9715-5B140C1C35BE}.Release|Any CPU.Build.0 = Release|Any CPU
		{042A0CB5-1416-4C96-83D0-C7225CB7FA0C}.Debug|Any CPU.ActiveCfg = Debug|Any CPU
		{042A0CB5-1416-4C96-83D0-C7225CB7FA0C}.Debug|Any CPU.Build.0 = Debug|Any CPU
		{042A0CB5-1416-4C96-83D0-C7225CB7FA0C}.Release|Any CPU.ActiveCfg = Release|Any CPU
		{042A0CB5-1416-4C96-83D0-C7225CB7FA0C}.Release|Any CPU.Build.0 = Release|Any CPU
		{281A74DD-1A06-49C5-86B8-BCC8517F9608}.Debug|Any CPU.ActiveCfg = Debug|Any CPU
		{281A74DD-1A06-49C5-86B8-BCC8517F9608}.Debug|Any CPU.Build.0 = Debug|Any CPU
		{281A74DD-1A06-49C5-86B8-BCC8517F9608}.Release|Any CPU.ActiveCfg = Release|Any CPU
		{281A74DD-1A06-49C5-86B8-BCC8517F9608}.Release|Any CPU.Build.0 = Release|Any CPU
		{21C546F9-1E92-4E4F-9621-9070F1C3D92F}.Debug|Any CPU.ActiveCfg = Debug|Any CPU
		{21C546F9-1E92-4E4F-9621-9070F1C3D92F}.Debug|Any CPU.Build.0 = Debug|Any CPU
		{21C546F9-1E92-4E4F-9621-9070F1C3D92F}.Release|Any CPU.ActiveCfg = Release|Any CPU
		{21C546F9-1E92-4E4F-9621-9070F1C3D92F}.Release|Any CPU.Build.0 = Release|Any CPU
		{197B100A-8E3E-45DC-A3CE-D8E5AC5CA45C}.Debug|Any CPU.ActiveCfg = Debug|Any CPU
		{197B100A-8E3E-45DC-A3CE-D8E5AC5CA45C}.Debug|Any CPU.Build.0 = Debug|Any CPU
		{197B100A-8E3E-45DC-A3CE-D8E5AC5CA45C}.Release|Any CPU.ActiveCfg = Release|Any CPU
		{197B100A-8E3E-45DC-A3CE-D8E5AC5CA45C}.Release|Any CPU.Build.0 = Release|Any CPU
		{094406F9-82A4-4B2B-A69A-3523E1F4092F}.Debug|Any CPU.ActiveCfg = Debug|Any CPU
		{094406F9-82A4-4B2B-A69A-3523E1F4092F}.Debug|Any CPU.Build.0 = Debug|Any CPU
		{094406F9-82A4-4B2B-A69A-3523E1F4092F}.Release|Any CPU.ActiveCfg = Release|Any CPU
		{094406F9-82A4-4B2B-A69A-3523E1F4092F}.Release|Any CPU.Build.0 = Release|Any CPU
		{35CD9389-0CB3-44F5-8407-5761FB898A29}.Debug|Any CPU.ActiveCfg = Debug|Any CPU
		{35CD9389-0CB3-44F5-8407-5761FB898A29}.Debug|Any CPU.Build.0 = Debug|Any CPU
		{35CD9389-0CB3-44F5-8407-5761FB898A29}.Release|Any CPU.ActiveCfg = Release|Any CPU
		{35CD9389-0CB3-44F5-8407-5761FB898A29}.Release|Any CPU.Build.0 = Release|Any CPU
		{1223D76E-0869-4FC5-94B2-2CC2A680EF8A}.Debug|Any CPU.ActiveCfg = Debug|Any CPU
		{1223D76E-0869-4FC5-94B2-2CC2A680EF8A}.Debug|Any CPU.Build.0 = Debug|Any CPU
		{1223D76E-0869-4FC5-94B2-2CC2A680EF8A}.Release|Any CPU.ActiveCfg = Release|Any CPU
		{1223D76E-0869-4FC5-94B2-2CC2A680EF8A}.Release|Any CPU.Build.0 = Release|Any CPU
		{FD814689-8950-434C-A6EA-FE3A9F959565}.Debug|Any CPU.ActiveCfg = Debug|Any CPU
		{FD814689-8950-434C-A6EA-FE3A9F959565}.Debug|Any CPU.Build.0 = Debug|Any CPU
		{FD814689-8950-434C-A6EA-FE3A9F959565}.Release|Any CPU.ActiveCfg = Release|Any CPU
		{FD814689-8950-434C-A6EA-FE3A9F959565}.Release|Any CPU.Build.0 = Release|Any CPU
	EndGlobalSection
	GlobalSection(SolutionProperties) = preSolution
		HideSolutionNode = FALSE
	EndGlobalSection
	GlobalSection(NestedProjects) = preSolution
		{00EA2DBE-2A76-46DF-8298-7BDC4C493203} = {F3FC3892-AF6D-44B4-95D0-B03C146BCE57}
		{4D275C88-2525-4CFC-803D-477F81F0C166} = {F3FC3892-AF6D-44B4-95D0-B03C146BCE57}
		{0F82EC1F-809A-4CB3-A237-32A81D88AD60} = {7F351502-60E9-4F11-B13A-44C04489F2A3}
		{9C27B638-81F3-46B0-90CF-F6A9D532E5D1} = {7F351502-60E9-4F11-B13A-44C04489F2A3}
		{4E1F696B-3000-41A0-9439-3BCCDCBB7D8D} = {7F351502-60E9-4F11-B13A-44C04489F2A3}
		{A5406BC7-8586-40F6-9715-5B140C1C35BE} = {7F351502-60E9-4F11-B13A-44C04489F2A3}
		{042A0CB5-1416-4C96-83D0-C7225CB7FA0C} = {7F351502-60E9-4F11-B13A-44C04489F2A3}
		{281A74DD-1A06-49C5-86B8-BCC8517F9608} = {7F351502-60E9-4F11-B13A-44C04489F2A3}
		{21C546F9-1E92-4E4F-9621-9070F1C3D92F} = {7F351502-60E9-4F11-B13A-44C04489F2A3}
		{197B100A-8E3E-45DC-A3CE-D8E5AC5CA45C} = {7F351502-60E9-4F11-B13A-44C04489F2A3}
	EndGlobalSection
	GlobalSection(ExtensibilityGlobals) = postSolution
		SolutionGuid = {B887228F-BFCD-4BA3-9D9D-48117AA448F1}
	EndGlobalSection
EndGlobal
